{
    "_readme": [
        "This file locks the dependencies of your project to a known state",
        "Read more about it at https://getcomposer.org/doc/01-basic-usage.md#installing-dependencies",
        "This file is @generated automatically"
    ],
    "content-hash": "d5b8f8561eed7326bb53faac016bee52",
    "packages": [
        {
            "name": "jblond/php-cli",
            "version": "v1.0.8",
            "source": {
                "type": "git",
                "url": "https://github.com/JBlond/php-cli.git",
                "reference": "952d8f6ba643a64ca8791eaad1ac69b176b8e27c"
            },
            "dist": {
                "type": "zip",
                "url": "https://api.github.com/repos/JBlond/php-cli/zipball/952d8f6ba643a64ca8791eaad1ac69b176b8e27c",
                "reference": "952d8f6ba643a64ca8791eaad1ac69b176b8e27c",
                "shasum": ""
            },
            "require": {
                "php": ">=7.2"
            },
            "type": "library",
            "autoload": {
                "psr-4": {
                    "jblond\\": "src/jblond"
                }
            },
            "notification-url": "https://packagist.org/downloads/",
            "license": [
                "MIT"
            ],
            "authors": [
                {
                    "name": "Mario",
                    "email": "leet31337@web.de"
                }
            ],
            "description": "php command line / cli scritping classes",
            "keywords": [
                "diff",
                "php"
            ],
            "support": {
                "issues": "https://github.com/JBlond/php-cli/issues",
                "source": "https://github.com/JBlond/php-cli/tree/v1.0.8"
            },
            "time": "2021-10-27T12:30:13+00:00"
        },
        {
            "name": "jblond/php-diff",
            "version": "v2.2.1",
            "source": {
                "type": "git",
                "url": "https://github.com/JBlond/php-diff.git",
                "reference": "e6812d018163a60261136621c4cb05499ab995c9"
            },
            "dist": {
                "type": "zip",
                "url": "https://api.github.com/repos/JBlond/php-diff/zipball/e6812d018163a60261136621c4cb05499ab995c9",
                "reference": "e6812d018163a60261136621c4cb05499ab995c9",
                "shasum": ""
            },
            "require": {
                "ext-mbstring": "*",
                "ext-pcre": "*",
                "php": ">=7.2"
            },
            "require-dev": {
                "jblond/php-cli": "^1.0",
                "phpmd/phpmd": "2.*",
                "phpunit/phpunit": "8.*",
                "squizlabs/php_codesniffer": "*"
            },
            "suggest": {
                "jblond/php-cli": "^1.0"
            },
            "type": "library",
            "autoload": {
                "psr-4": {
                    "jblond\\": "lib/jblond"
                }
            },
            "notification-url": "https://packagist.org/downloads/",
            "license": [
                "BSD-3-Clause"
            ],
            "authors": [
                {
                    "name": "Mario",
                    "email": "leet31337@web.de"
                },
                {
                    "name": "Ferry Cools",
                    "email": "info@digilive.nl"
                },
                {
                    "name": "Chris Boulton",
                    "email": "chris.boulton@interspire.com"
                }
            ],
            "description": "A comprehensive library for generating differences between two hashable objects (strings or arrays).",
            "keywords": [
                "diff",
                "php",
                "side-by-sidediff",
                "unified"
            ],
            "support": {
                "issues": "https://github.com/JBlond/php-diff/issues",
                "source": "https://github.com/JBlond/php-diff/tree/master"
            },
            "time": "2020-08-06T12:27:35+00:00"
        }
    ],
    "packages-dev": [],
    "aliases": [],
    "minimum-stability": "stable",
    "stability-flags": [],
    "prefer-stable": false,
    "prefer-lowest": false,
    "platform": {
        "php": ">=7.2",
        "ext-curl": "*"
    },
    "platform-dev": [],
    "plugin-api-version": "2.3.0"
}
